
Microsoft Visual Studio Solution File, Format Version 12.00
# Visual Studio Version 16
VisualStudioVersion = 16.0.31410.357
MinimumVisualStudioVersion = 10.0.40219.1
Project("{FAE04EC0-301F-11D3-BF4B-00C04F79EFBC}") = "vaers", "vaers\vaers.csproj", "{1D7E7CD3-5E55-475B-934A-A1907A826ED4}"
EndProject
Global
	GlobalSection(SolutionConfigurationPlatforms) = preSolution
		Debug|Any CPU = Debug|Any CPU
		Release|Any CPU = Release|Any CPU
	EndGlobalSection
	GlobalSection(ProjectConfigurationPlatforms) = postSolution
		{1D7E7CD3-5E55-475B-934A-A1907A826ED4}.Debug|Any CPU.ActiveCfg = Debug|Any CPU
		{1D7E7CD3-5E55-475B-934A-A1907A826ED4}.Debug|Any CPU.Build.0 = Debug|Any CPU
		{1D7E7CD3-5E55-475B-934A-A1907A826ED4}.Release|Any CPU.ActiveCfg = Release|Any CPU
		{1D7E7CD3-5E55-475B-934A-A1907A826ED4}.Release|Any CPU.Build.0 = Release|Any CPU
	EndGlobalSection
	GlobalSection(SolutionProperties) = preSolution
		HideSolutionNode = FALSE
	EndGlobalSection
	GlobalSection(ExtensibilityGlobals) = postSolution
		SolutionGuid = {ED7AFC0F-819F-4FC3-931B-CA9E6F80D500}
	EndGlobalSection
EndGlobal
